
Microsoft Visual Studio Solution File, Format Version 12.00
# Visual Studio Version 17
VisualStudioVersion = 17.8.34511.84
MinimumVisualStudioVersion = 10.0.40219.1
Project("{9A19103F-16F7-4668-BE54-9A1E7A4F7556}") = "Hello World", "Hello World.csproj", "{BD68E52E-B46B-47D7-A837-899372A9BB94}"
EndProject
Project("{FAE04EC0-301F-11D3-BF4B-00C04F79EFBC}") = "TopLevelProgram", "..\TopLevelProgram\TopLevelProgram.csproj", "{662D51E9-1517-4ECF-A136-98FC24655BFC}"
EndProject
Global
	GlobalSection(SolutionConfigurationPlatforms) = preSolution
		Debug|Any CPU = Debug|Any CPU
		Release|Any CPU = Release|Any CPU
	EndGlobalSection
	GlobalSection(ProjectConfigurationPlatforms) = postSolution
		{BD68E52E-B46B-47D7-A837-899372A9BB94}.Debug|Any CPU.ActiveCfg = Debug|Any CPU
		{BD68E52E-B46B-47D7-A837-899372A9BB94}.Debug|Any CPU.Build.0 = Debug|Any CPU
		{BD68E52E-B46B-47D7-A837-899372A9BB94}.Release|Any CPU.ActiveCfg = Release|Any CPU
		{BD68E52E-B46B-47D7-A837-899372A9BB94}.Release|Any CPU.Build.0 = Release|Any CPU
		{662D51E9-1517-4ECF-A136-98FC24655BFC}.Debug|Any CPU.ActiveCfg = Debug|Any CPU
		{662D51E9-1517-4ECF-A136-98FC24655BFC}.Debug|Any CPU.Build.0 = Debug|Any CPU
		{662D51E9-1517-4ECF-A136-98FC24655BFC}.Release|Any CPU.ActiveCfg = Release|Any CPU
		{662D51E9-1517-4ECF-A136-98FC24655BFC}.Release|Any CPU.Build.0 = Release|Any CPU
	EndGlobalSection
	GlobalSection(SolutionProperties) = preSolution
		HideSolutionNode = FALSE
	EndGlobalSection
	GlobalSection(ExtensibilityGlobals) = postSolution
		SolutionGuid = {F54FF6C4-125B-43C5-BBF3-2FF4E0ED144F}
	EndGlobalSection
EndGlobal
