
Microsoft Visual Studio Solution File, Format Version 12.00
# Visual Studio Version 17
VisualStudioVersion = 17.5.002.0
MinimumVisualStudioVersion = 10.0.40219.1
Project("{9A19103F-16F7-4668-BE54-9A1E7A4F7556}") = "Final", "Final\Final.csproj", "{FB94107F-B9DB-4CA9-BC2E-B03973C219F6}"
EndProject
Project("{9A19103F-16F7-4668-BE54-9A1E7A4F7556}") = "Starter", "Starter\Starter.csproj", "{C37482D1-1E4F-4EA8-A7DB-002B02D2168D}"
EndProject
Global
	GlobalSection(SolutionConfigurationPlatforms) = preSolution
		Debug|Any CPU = Debug|Any CPU
		Release|Any CPU = Release|Any CPU
	EndGlobalSection
	GlobalSection(ProjectConfigurationPlatforms) = postSolution
		{FB94107F-B9DB-4CA9-BC2E-B03973C219F6}.Debug|Any CPU.ActiveCfg = Debug|Any CPU
		{FB94107F-B9DB-4CA9-BC2E-B03973C219F6}.Debug|Any CPU.Build.0 = Debug|Any CPU
		{FB94107F-B9DB-4CA9-BC2E-B03973C219F6}.Release|Any CPU.ActiveCfg = Release|Any CPU
		{FB94107F-B9DB-4CA9-BC2E-B03973C219F6}.Release|Any CPU.Build.0 = Release|Any CPU
		{C37482D1-1E4F-4EA8-A7DB-002B02D2168D}.Debug|Any CPU.ActiveCfg = Debug|Any CPU
		{C37482D1-1E4F-4EA8-A7DB-002B02D2168D}.Debug|Any CPU.Build.0 = Debug|Any CPU
		{C37482D1-1E4F-4EA8-A7DB-002B02D2168D}.Release|Any CPU.ActiveCfg = Release|Any CPU
		{C37482D1-1E4F-4EA8-A7DB-002B02D2168D}.Release|Any CPU.Build.0 = Release|Any CPU
	EndGlobalSection
	GlobalSection(SolutionProperties) = preSolution
		HideSolutionNode = FALSE
	EndGlobalSection
	GlobalSection(ExtensibilityGlobals) = postSolution
		SolutionGuid = {1AF24882-F082-492C-8DED-F11B1CA5D47A}
	EndGlobalSection
EndGlobal
